
Microsoft Visual Studio Solution File, Format Version 12.00
# Visual Studio Version 16
VisualStudioVersion = 16.0.31727.386
MinimumVisualStudioVersion = 10.0.40219.1
Project("{2150E333-8FDC-42A3-9474-1A3956D46DE8}") = "Front-end", "Front-end", "{8557EEFB-6032-4709-A2E1-39028D32C80C}"
EndProject
Project("{9A19103F-16F7-4668-BE54-9A1E7A4F7556}") = "Mango.Web", "Mango.Web\Mango.Web.csproj", "{FC6586DD-7454-4D17-98D4-45548D338751}"
EndProject
Project("{2150E333-8FDC-42A3-9474-1A3956D46DE8}") = "Services", "Services", "{B1AF0C53-A56F-40D6-9615-F3B9E8F29B60}"
EndProject
Project("{9A19103F-16F7-4668-BE54-9A1E7A4F7556}") = "Mango.Services.ProductAPI", "Mango.Services.ProductAPI\Mango.Services.ProductAPI.csproj", "{4023A554-7970-4531-96A3-E0422F2297E8}"
EndProject
Project("{9A19103F-16F7-4668-BE54-9A1E7A4F7556}") = "Mango.Services.Identity", "Mango.Services.Identity\Mango.Services.Identity.csproj", "{787EC59C-2617-4353-BE84-B4CCC668DB2B}"
EndProject
Project("{9A19103F-16F7-4668-BE54-9A1E7A4F7556}") = "Mango.Services.ShoppingCartAPI", "Mango.Services.ShoppingCartAPI\Mango.Services.ShoppingCartAPI.csproj", "{7C073304-C4BB-4BBF-8558-E8FC1649CCD6}"
EndProject
Project("{9A19103F-16F7-4668-BE54-9A1E7A4F7556}") = "Mango.Services.CouponAPI", "Mango.Services.CouponAPI\Mango.Services.CouponAPI.csproj", "{3AB975D0-49C4-4B07-ABF1-5F65FC6AF859}"
EndProject
Project("{2150E333-8FDC-42A3-9474-1A3956D46DE8}") = "Integration", "Integration", "{6B760CB2-C1F9-4086-84DC-9702B9559C3C}"
EndProject
Project("{9A19103F-16F7-4668-BE54-9A1E7A4F7556}") = "Mango.MessageBus", "Mango.MessageBus\Mango.MessageBus.csproj", "{6C964393-6912-4A44-8CDF-483867C8B254}"
EndProject
Project("{9A19103F-16F7-4668-BE54-9A1E7A4F7556}") = "Mango.Services.OrderAPI", "Mango.Services.OrderAPI\Mango.Services.OrderAPI.csproj", "{B87C22BF-469B-4DF1-8C03-01EC5A14C31E}"
EndProject
Project("{2150E333-8FDC-42A3-9474-1A3956D46DE8}") = "Payments", "Payments", "{D754F241-F5AC-41F8-8414-858FF513EBF7}"
EndProject
Project("{FAE04EC0-301F-11D3-BF4B-00C04F79EFBC}") = "PaymentsProcessor", "PaymentsProcessor\PaymentsProcessor.csproj", "{254CE061-806B-4457-8A92-5DBD0E02BB73}"
EndProject
Project("{FAE04EC0-301F-11D3-BF4B-00C04F79EFBC}") = "Mango.Services.PaymentAPI", "Mango.Services.PaymentAPI\Mango.Services.PaymentAPI.csproj", "{E38D6CA7-E5E3-4E3E-B8A1-69EDC531839A}"
EndProject
Global
	GlobalSection(SolutionConfigurationPlatforms) = preSolution
		Debug|Any CPU = Debug|Any CPU
		Release|Any CPU = Release|Any CPU
	EndGlobalSection
	GlobalSection(ProjectConfigurationPlatforms) = postSolution
		{FC6586DD-7454-4D17-98D4-45548D338751}.Debug|Any CPU.ActiveCfg = Debug|Any CPU
		{FC6586DD-7454-4D17-98D4-45548D338751}.Debug|Any CPU.Build.0 = Debug|Any CPU
		{FC6586DD-7454-4D17-98D4-45548D338751}.Release|Any CPU.ActiveCfg = Release|Any CPU
		{FC6586DD-7454-4D17-98D4-45548D338751}.Release|Any CPU.Build.0 = Release|Any CPU
		{4023A554-7970-4531-96A3-E0422F2297E8}.Debug|Any CPU.ActiveCfg = Debug|Any CPU
		{4023A554-7970-4531-96A3-E0422F2297E8}.Debug|Any CPU.Build.0 = Debug|Any CPU
		{4023A554-7970-4531-96A3-E0422F2297E8}.Release|Any CPU.ActiveCfg = Release|Any CPU
		{4023A554-7970-4531-96A3-E0422F2297E8}.Release|Any CPU.Build.0 = Release|Any CPU
		{787EC59C-2617-4353-BE84-B4CCC668DB2B}.Debug|Any CPU.ActiveCfg = Debug|Any CPU
		{787EC59C-2617-4353-BE84-B4CCC668DB2B}.Debug|Any CPU.Build.0 = Debug|Any CPU
		{787EC59C-2617-4353-BE84-B4CCC668DB2B}.Release|Any CPU.ActiveCfg = Release|Any CPU
		{787EC59C-2617-4353-BE84-B4CCC668DB2B}.Release|Any CPU.Build.0 = Release|Any CPU
		{7C073304-C4BB-4BBF-8558-E8FC1649CCD6}.Debug|Any CPU.ActiveCfg = Debug|Any CPU
		{7C073304-C4BB-4BBF-8558-E8FC1649CCD6}.Debug|Any CPU.Build.0 = Debug|Any CPU
		{7C073304-C4BB-4BBF-8558-E8FC1649CCD6}.Release|Any CPU.ActiveCfg = Release|Any CPU
		{7C073304-C4BB-4BBF-8558-E8FC1649CCD6}.Release|Any CPU.Build.0 = Release|Any CPU
		{3AB975D0-49C4-4B07-ABF1-5F65FC6AF859}.Debug|Any CPU.ActiveCfg = Debug|Any CPU
		{3AB975D0-49C4-4B07-ABF1-5F65FC6AF859}.Debug|Any CPU.Build.0 = Debug|Any CPU
		{3AB975D0-49C4-4B07-ABF1-5F65FC6AF859}.Release|Any CPU.ActiveCfg = Release|Any CPU
		{3AB975D0-49C4-4B07-ABF1-5F65FC6AF859}.Release|Any CPU.Build.0 = Release|Any CPU
		{6C964393-6912-4A44-8CDF-483867C8B254}.Debug|Any CPU.ActiveCfg = Debug|Any CPU
		{6C964393-6912-4A44-8CDF-483867C8B254}.Debug|Any CPU.Build.0 = Debug|Any CPU
		{6C964393-6912-4A44-8CDF-483867C8B254}.Release|Any CPU.ActiveCfg = Release|Any CPU
		{6C964393-6912-4A44-8CDF-483867C8B254}.Release|Any CPU.Build.0 = Release|Any CPU
		{B87C22BF-469B-4DF1-8C03-01EC5A14C31E}.Debug|Any CPU.ActiveCfg = Debug|Any CPU
		{B87C22BF-469B-4DF1-8C03-01EC5A14C31E}.Debug|Any CPU.Build.0 = Debug|Any CPU
		{B87C22BF-469B-4DF1-8C03-01EC5A14C31E}.Release|Any CPU.ActiveCfg = Release|Any CPU
		{B87C22BF-469B-4DF1-8C03-01EC5A14C31E}.Release|Any CPU.Build.0 = Release|Any CPU
		{254CE061-806B-4457-8A92-5DBD0E02BB73}.Debug|Any CPU.ActiveCfg = Debug|Any CPU
		{254CE061-806B-4457-8A92-5DBD0E02BB73}.Debug|Any CPU.Build.0 = Debug|Any CPU
		{254CE061-806B-4457-8A92-5DBD0E02BB73}.Release|Any CPU.ActiveCfg = Release|Any CPU
		{254CE061-806B-4457-8A92-5DBD0E02BB73}.Release|Any CPU.Build.0 = Release|Any CPU
		{E38D6CA7-E5E3-4E3E-B8A1-69EDC531839A}.Debug|Any CPU.ActiveCfg = Debug|Any CPU
		{E38D6CA7-E5E3-4E3E-B8A1-69EDC531839A}.Debug|Any CPU.Build.0 = Debug|Any CPU
		{E38D6CA7-E5E3-4E3E-B8A1-69EDC531839A}.Release|Any CPU.ActiveCfg = Release|Any CPU
		{E38D6CA7-E5E3-4E3E-B8A1-69EDC531839A}.Release|Any CPU.Build.0 = Release|Any CPU
	EndGlobalSection
	GlobalSection(SolutionProperties) = preSolution
		HideSolutionNode = FALSE
	EndGlobalSection
	GlobalSection(NestedProjects) = preSolution
		{FC6586DD-7454-4D17-98D4-45548D338751} = {8557EEFB-6032-4709-A2E1-39028D32C80C}
		{4023A554-7970-4531-96A3-E0422F2297E8} = {B1AF0C53-A56F-40D6-9615-F3B9E8F29B60}
		{787EC59C-2617-4353-BE84-B4CCC668DB2B} = {B1AF0C53-A56F-40D6-9615-F3B9E8F29B60}
		{7C073304-C4BB-4BBF-8558-E8FC1649CCD6} = {B1AF0C53-A56F-40D6-9615-F3B9E8F29B60}
		{3AB975D0-49C4-4B07-ABF1-5F65FC6AF859} = {B1AF0C53-A56F-40D6-9615-F3B9E8F29B60}
		{6C964393-6912-4A44-8CDF-483867C8B254} = {6B760CB2-C1F9-4086-84DC-9702B9559C3C}
		{B87C22BF-469B-4DF1-8C03-01EC5A14C31E} = {B1AF0C53-A56F-40D6-9615-F3B9E8F29B60}
		{254CE061-806B-4457-8A92-5DBD0E02BB73} = {D754F241-F5AC-41F8-8414-858FF513EBF7}
		{E38D6CA7-E5E3-4E3E-B8A1-69EDC531839A} = {B1AF0C53-A56F-40D6-9615-F3B9E8F29B60}
	EndGlobalSection
	GlobalSection(ExtensibilityGlobals) = postSolution
		SolutionGuid = {2948FA1B-81B9-4276-9D32-282F5889F9D4}
	EndGlobalSection
EndGlobal
